
Microsoft Visual Studio Solution File, Format Version 12.00
# Visual Studio 14
VisualStudioVersion = 14.0.25420.1
MinimumVisualStudioVersion = 10.0.40219.1
Project("{FAE04EC0-301F-11D3-BF4B-00C04F79EFBC}") = "ErstesProjekt", "ErstesProjekt\ErstesProjekt.csproj", "{3212DCBA-25E4-40F9-BAE2-5DBFA734C23B}"
EndProject
Project("{FAE04EC0-301F-11D3-BF4B-00C04F79EFBC}") = "ProjektMitKomponenten", "ProjektMitKomponenten\ProjektMitKomponenten.csproj", "{77691020-5784-4970-9EF5-930F87CDFBF7}"
EndProject
Project("{FAE04EC0-301F-11D3-BF4B-00C04F79EFBC}") = "RetroTennis", "RetroTennis\RetroTennis.csproj", "{4AC88D80-2400-4727-95AC-FBCE9698D3A9}"
EndProject
Global
	GlobalSection(SolutionConfigurationPlatforms) = preSolution
		Debug|x86 = Debug|x86
		Release|x86 = Release|x86
	EndGlobalSection
	GlobalSection(ProjectConfigurationPlatforms) = postSolution
		{3212DCBA-25E4-40F9-BAE2-5DBFA734C23B}.Debug|x86.ActiveCfg = Debug|x86
		{3212DCBA-25E4-40F9-BAE2-5DBFA734C23B}.Debug|x86.Build.0 = Debug|x86
		{3212DCBA-25E4-40F9-BAE2-5DBFA734C23B}.Release|x86.ActiveCfg = Release|x86
		{3212DCBA-25E4-40F9-BAE2-5DBFA734C23B}.Release|x86.Build.0 = Release|x86
		{77691020-5784-4970-9EF5-930F87CDFBF7}.Debug|x86.ActiveCfg = Debug|x86
		{77691020-5784-4970-9EF5-930F87CDFBF7}.Debug|x86.Build.0 = Debug|x86
		{77691020-5784-4970-9EF5-930F87CDFBF7}.Release|x86.ActiveCfg = Release|x86
		{77691020-5784-4970-9EF5-930F87CDFBF7}.Release|x86.Build.0 = Release|x86
		{4AC88D80-2400-4727-95AC-FBCE9698D3A9}.Debug|x86.ActiveCfg = Debug|x86
		{4AC88D80-2400-4727-95AC-FBCE9698D3A9}.Debug|x86.Build.0 = Debug|x86
		{4AC88D80-2400-4727-95AC-FBCE9698D3A9}.Release|x86.ActiveCfg = Release|x86
		{4AC88D80-2400-4727-95AC-FBCE9698D3A9}.Release|x86.Build.0 = Release|x86
	EndGlobalSection
	GlobalSection(SolutionProperties) = preSolution
		HideSolutionNode = FALSE
	EndGlobalSection
EndGlobal
